<?xml version="1.0" encoding="utf-8"?>
<Project ToolsVersion="4.0" xmlns="http://schemas.microsoft.com/developer/msbuild/2003">
  <ItemGroup>
    <Filter Include="Source Files">
      <UniqueIdentifier>{4FC737F1-C7A5-4376-A066-2A32D752A2FF}</UniqueIdentifier>
      <Extensions>cpp;c;cc;cxx;def;odl;idl;hpj;bat;asm;asmx</Extensions>
    </Filter>
    <Filter Include="Header Files">
      <UniqueIdentifier>{93995380-89BD-4b04-88EB-625FBE52EBFB}</UniqueIdentifier>
      <Extensions>h;hh;hpp;hxx;hm;inl;inc;xsd</Extensions>
    </Filter>
    <Filter Include="Resource Files">
      <UniqueIdentifier>{67DA6AB6-F800-4c08-8B7A-83BB121AAD01}</UniqueIdentifier>
      <Extensions>rc;ico;cur;bmp;dlg;rc2;rct;bin;rgs;gif;jpg;jpeg;jpe;resx;tiff;tif;png;wav;mfcribbon-ms</Extensions>
    </Filter>
  </ItemGroup>
  <ItemGroup>
    <ClCompile Include="1_this_call.cpp">
      <Filter>Source Files</Filter>
    </ClCompile>
    <ClCompile Include="1_this_call2.cpp">
      <Filter>Source Files</Filter>
    </ClCompile>
    <ClCompile Include="1_this_call3.cpp">
      <Filter>Source Files</Filter>
    </ClCompile>
    <ClCompile Include="1_this_call5.cpp">
      <Filter>Source Files</Filter>
    </ClCompile>
    <ClCompile Include="1_this_call6.cpp">
      <Filter>Source Files</Filter>
    </ClCompile>
    <ClCompile Include="1_this_call7.cpp">
      <Filter>Source Files</Filter>
    </ClCompile>
    <ClCompile Include="1_this_call8.cpp">
      <Filter>Source Files</Filter>
    </ClCompile>
    <ClCompile Include="1_this_call9.cpp">
      <Filter>Source Files</Filter>
    </ClCompile>
    <ClCompile Include="1_this_call10.cpp">
      <Filter>Source Files</Filter>
    </ClCompile>
    <ClCompile Include="1_this_call11.cpp">
      <Filter>Source Files</Filter>
    </ClCompile>
    <ClCompile Include="2.상수함수.cpp">
      <Filter>Source Files</Filter>
    </ClCompile>
    <ClCompile Include="2_상수함수2.cpp">
      <Filter>Source Files</Filter>
    </ClCompile>
    <ClCompile Include="2_상수함수3.cpp">
      <Filter>Source Files</Filter>
    </ClCompile>
    <ClCompile Include="2_상수함수4.cpp">
      <Filter>Source Files</Filter>
    </ClCompile>
    <ClCompile Include="2_상수함수5.cpp">
      <Filter>Source Files</Filter>
    </ClCompile>
    <ClCompile Include="3_상수.cpp">
      <Filter>Source Files</Filter>
    </ClCompile>
    <ClCompile Include="3_상수2.cpp">
      <Filter>Source Files</Filter>
    </ClCompile>
    <ClCompile Include="3_상수3.cpp">
      <Filter>Source Files</Filter>
    </ClCompile>
    <ClCompile Include="4_auto.cpp">
      <Filter>Source Files</Filter>
    </ClCompile>
    <ClCompile Include="5_람다1.cpp">
      <Filter>Source Files</Filter>
    </ClCompile>
    <ClCompile Include="5_람다2.cpp">
      <Filter>Source Files</Filter>
    </ClCompile>
    <ClCompile Include="5_람다3.cpp">
      <Filter>Source Files</Filter>
    </ClCompile>
    <ClCompile Include="5_람다4.cpp">
      <Filter>Source Files</Filter>
    </ClCompile>
    <ClCompile Include="5_람다5.cpp">
      <Filter>Source Files</Filter>
    </ClCompile>
    <ClCompile Include="5_람다6.cpp">
      <Filter>Source Files</Filter>
    </ClCompile>
    <ClCompile Include="5_람다7.cpp">
      <Filter>Source Files</Filter>
    </ClCompile>
    <ClCompile Include="5_람다8.cpp">
      <Filter>Source Files</Filter>
    </ClCompile>
    <ClCompile Include="5_람다9.cpp">
      <Filter>Source Files</Filter>
    </ClCompile>
    <ClCompile Include="5_람다10.cpp">
      <Filter>Source Files</Filter>
    </ClCompile>
    <ClCompile Include="5_람다11.cpp">
      <Filter>Source Files</Filter>
    </ClCompile>
    <ClCompile Include="5_람다12.cpp">
      <Filter>Source Files</Filter>
    </ClCompile>
    <ClCompile Include="5_람다13.cpp">
      <Filter>Source Files</Filter>
    </ClCompile>
    <ClCompile Include="5_람다14.cpp">
      <Filter>Source Files</Filter>
    </ClCompile>
    <ClCompile Include="6_new.cpp">
      <Filter>Source Files</Filter>
    </ClCompile>
    <ClCompile Include="6_new2.cpp">
      <Filter>Source Files</Filter>
    </ClCompile>
    <ClCompile Include="6_new3.cpp">
      <Filter>Source Files</Filter>
    </ClCompile>
    <ClCompile Include="6_new4.cpp">
      <Filter>Source Files</Filter>
    </ClCompile>
    <ClCompile Include="6_new5.cpp">
      <Filter>Source Files</Filter>
    </ClCompile>
    <ClCompile Include="6_new6.cpp">
      <Filter>Source Files</Filter>
    </ClCompile>
    <ClCompile Include="6new7.cpp">
      <Filter>Source Files</Filter>
    </ClCompile>
  </ItemGroup>
</Project>