<?xml version="1.0" encoding="utf-8"?>
<Project ToolsVersion="4.0" xmlns="http://schemas.microsoft.com/developer/msbuild/2003">
  <ItemGroup>
    <Filter Include="Source Files">
      <UniqueIdentifier>{4FC737F1-C7A5-4376-A066-2A32D752A2FF}</UniqueIdentifier>
      <Extensions>cpp;c;cc;cxx;def;odl;idl;hpj;bat;asm;asmx</Extensions>
    </Filter>
    <Filter Include="Header Files">
      <UniqueIdentifier>{93995380-89BD-4b04-88EB-625FBE52EBFB}</UniqueIdentifier>
      <Extensions>h;hh;hpp;hxx;hm;inl;inc;xsd</Extensions>
    </Filter>
    <Filter Include="Resource Files">
      <UniqueIdentifier>{67DA6AB6-F800-4c08-8B7A-83BB121AAD01}</UniqueIdentifier>
      <Extensions>rc;ico;cur;bmp;dlg;rc2;rct;bin;rgs;gif;jpg;jpeg;jpe;resx;tiff;tif;png;wav;mfcribbon-ms</Extensions>
    </Filter>
  </ItemGroup>
  <ItemGroup>
    <ClCompile Include="Source.cpp">
      <Filter>Source Files</Filter>
    </ClCompile>
    <ClCompile Include="1_간접층의원리.cpp">
      <Filter>Source Files</Filter>
    </ClCompile>
    <ClCompile Include="1_간접층의원리2.cpp">
      <Filter>Source Files</Filter>
    </ClCompile>
    <ClCompile Include="2_STL_알고리즘.cpp">
      <Filter>Source Files</Filter>
    </ClCompile>
    <ClCompile Include="2_STL_알고리즘2.cpp">
      <Filter>Source Files</Filter>
    </ClCompile>
    <ClCompile Include="2_STL_알고리즘3.cpp">
      <Filter>Source Files</Filter>
    </ClCompile>
    <ClCompile Include="2_STL_알고리즘4.cpp">
      <Filter>Source Files</Filter>
    </ClCompile>
    <ClCompile Include="2_STL_알고리즘5.cpp">
      <Filter>Source Files</Filter>
    </ClCompile>
    <ClCompile Include="2_STL_컨테이너.cpp">
      <Filter>Source Files</Filter>
    </ClCompile>
    <ClCompile Include="2_STL_반복자.cpp">
      <Filter>Source Files</Filter>
    </ClCompile>
    <ClCompile Include="3_iterator_category.cpp">
      <Filter>Source Files</Filter>
    </ClCompile>
    <ClCompile Include="3_iterator_category2.cpp">
      <Filter>Source Files</Filter>
    </ClCompile>
    <ClCompile Include="3_iterator_category3.cpp">
      <Filter>Source Files</Filter>
    </ClCompile>
    <ClCompile Include="3_iterator_category4.cpp">
      <Filter>Source Files</Filter>
    </ClCompile>
    <ClCompile Include="4_begin_end.cpp">
      <Filter>Source Files</Filter>
    </ClCompile>
    <ClCompile Include="4_begin_end2.cpp">
      <Filter>Source Files</Filter>
    </ClCompile>
    <ClCompile Include="5_ranged_for.cpp">
      <Filter>Source Files</Filter>
    </ClCompile>
    <ClCompile Include="5_ranged_for2.cpp">
      <Filter>Source Files</Filter>
    </ClCompile>
    <ClCompile Include="5_ranged_for3.cpp">
      <Filter>Source Files</Filter>
    </ClCompile>
    <ClCompile Include="6_CPP11_일관된초기화.cpp">
      <Filter>Source Files</Filter>
    </ClCompile>
    <ClCompile Include="6_CPP11_initializerList.cpp">
      <Filter>Source Files</Filter>
    </ClCompile>
    <ClCompile Include="6_CPP11_initializerList2.cpp">
      <Filter>Source Files</Filter>
    </ClCompile>
    <ClCompile Include="6_CPP11_static_assert.cpp">
      <Filter>Source Files</Filter>
    </ClCompile>
    <ClCompile Include="6_CPP11_static_assert2.cpp">
      <Filter>Source Files</Filter>
    </ClCompile>
    <ClCompile Include="6_CPP11_위임생성자.cpp">
      <Filter>Source Files</Filter>
    </ClCompile>
    <ClCompile Include="6_CPP11_생성자상속.cpp">
      <Filter>Source Files</Filter>
    </ClCompile>
    <ClCompile Include="6_CPP11_생성자상속2.cpp">
      <Filter>Source Files</Filter>
    </ClCompile>
    <ClCompile Include="6_CPP11_override.cpp">
      <Filter>Source Files</Filter>
    </ClCompile>
    <ClCompile Include="6_CPP11_template_alias.cpp">
      <Filter>Source Files</Filter>
    </ClCompile>
    <ClCompile Include="6_CPP11_template_alias2.cpp">
      <Filter>Source Files</Filter>
    </ClCompile>
    <ClCompile Include="6_CPP11_raw_String.cpp">
      <Filter>Source Files</Filter>
    </ClCompile>
    <ClCompile Include="6_CPP11_사용자정의상수.cpp">
      <Filter>Source Files</Filter>
    </ClCompile>
    <ClCompile Include="6_CPP11_사용자정의상수2.cpp">
      <Filter>Source Files</Filter>
    </ClCompile>
    <ClCompile Include="6_CPP11_auto.cpp">
      <Filter>Source Files</Filter>
    </ClCompile>
    <ClCompile Include="6_CPP11_auto2.cpp">
      <Filter>Source Files</Filter>
    </ClCompile>
    <ClCompile Include="6_CPP11_auto3.cpp">
      <Filter>Source Files</Filter>
    </ClCompile>
    <ClCompile Include="8_완벽한전달자.cpp">
      <Filter>Source Files</Filter>
    </ClCompile>
    <ClCompile Include="8_완벽한전달자2.cpp">
      <Filter>Source Files</Filter>
    </ClCompile>
    <ClCompile Include="8_완벽한전달자3.cpp">
      <Filter>Source Files</Filter>
    </ClCompile>
    <ClCompile Include="8_완벽한전달자4.cpp">
      <Filter>Source Files</Filter>
    </ClCompile>
    <ClCompile Include="8_완벽한전달자5.cpp">
      <Filter>Source Files</Filter>
    </ClCompile>
    <ClCompile Include="9_이름충돌.cpp">
      <Filter>Source Files</Filter>
    </ClCompile>
  </ItemGroup>
</Project>