<?xml version="1.0" encoding="utf-8"?>
<Project ToolsVersion="4.0" xmlns="http://schemas.microsoft.com/developer/msbuild/2003">
  <ItemGroup>
    <Filter Include="Source Files">
      <UniqueIdentifier>{4FC737F1-C7A5-4376-A066-2A32D752A2FF}</UniqueIdentifier>
      <Extensions>cpp;c;cc;cxx;def;odl;idl;hpj;bat;asm;asmx</Extensions>
    </Filter>
    <Filter Include="Header Files">
      <UniqueIdentifier>{93995380-89BD-4b04-88EB-625FBE52EBFB}</UniqueIdentifier>
      <Extensions>h;hh;hpp;hxx;hm;inl;inc;xsd</Extensions>
    </Filter>
    <Filter Include="Resource Files">
      <UniqueIdentifier>{67DA6AB6-F800-4c08-8B7A-83BB121AAD01}</UniqueIdentifier>
      <Extensions>rc;ico;cur;bmp;dlg;rc2;rct;bin;rgs;gif;jpg;jpeg;jpe;resx;tiff;tif;png;wav;mfcribbon-ms</Extensions>
    </Filter>
  </ItemGroup>
  <ItemGroup>
    <ClCompile Include="1_가변인자템플릿.cpp">
      <Filter>Source Files</Filter>
    </ClCompile>
    <ClCompile Include="1_가변인자템플릿2.cpp">
      <Filter>Source Files</Filter>
    </ClCompile>
    <ClCompile Include="2_thinTemplate.cpp">
      <Filter>Source Files</Filter>
    </ClCompile>
    <ClCompile Include="2_thinTemplate2.cpp">
      <Filter>Source Files</Filter>
    </ClCompile>
    <ClCompile Include="2_thinTemplate3.cpp">
      <Filter>Source Files</Filter>
    </ClCompile>
    <ClCompile Include="1_가변인자템플릿3.cpp">
      <Filter>Source Files</Filter>
    </ClCompile>
    <ClCompile Include="3_단위전략.cpp">
      <Filter>Source Files</Filter>
    </ClCompile>
    <ClCompile Include="3_단위전략2.cpp">
      <Filter>Source Files</Filter>
    </ClCompile>
    <ClCompile Include="3_단위전략3.cpp">
      <Filter>Source Files</Filter>
    </ClCompile>
    <ClCompile Include="3_단위전략4.cpp">
      <Filter>Source Files</Filter>
    </ClCompile>
    <ClCompile Include="4_CRTP.cpp">
      <Filter>Source Files</Filter>
    </ClCompile>
    <ClCompile Include="4_CRTP2.cpp">
      <Filter>Source Files</Filter>
    </ClCompile>
    <ClCompile Include="4_CRTP3.cpp">
      <Filter>Source Files</Filter>
    </ClCompile>
    <ClCompile Include="4_CRTP4.cpp">
      <Filter>Source Files</Filter>
    </ClCompile>
    <ClCompile Include="4_CRTP5.cpp">
      <Filter>Source Files</Filter>
    </ClCompile>
    <ClCompile Include="5_캐스팅.cpp">
      <Filter>Source Files</Filter>
    </ClCompile>
    <ClCompile Include="5_캐스팅2.cpp">
      <Filter>Source Files</Filter>
    </ClCompile>
    <ClCompile Include="5_캐스팅3.cpp">
      <Filter>Source Files</Filter>
    </ClCompile>
    <ClCompile Include="5_캐스팅4.cpp">
      <Filter>Source Files</Filter>
    </ClCompile>
    <ClCompile Include="6_임시객체.cpp">
      <Filter>Source Files</Filter>
    </ClCompile>
    <ClCompile Include="6_임시객체2.cpp">
      <Filter>Source Files</Filter>
    </ClCompile>
    <ClCompile Include="6_임시객체3.cpp">
      <Filter>Source Files</Filter>
    </ClCompile>
    <ClCompile Include="6_임시객체4.cpp">
      <Filter>Source Files</Filter>
    </ClCompile>
    <ClCompile Include="6_임시객체5.cpp">
      <Filter>Source Files</Filter>
    </ClCompile>
    <ClCompile Include="7_rvalue.cpp">
      <Filter>Source Files</Filter>
    </ClCompile>
    <ClCompile Include="7_rvalue2.cpp">
      <Filter>Source Files</Filter>
    </ClCompile>
    <ClCompile Include="7_rvalue3.cpp">
      <Filter>Source Files</Filter>
    </ClCompile>
    <ClCompile Include="7_rvalue4.cpp">
      <Filter>Source Files</Filter>
    </ClCompile>
    <ClCompile Include="7_rvalue5.cpp">
      <Filter>Source Files</Filter>
    </ClCompile>
    <ClCompile Include="8_객체복사.cpp">
      <Filter>Source Files</Filter>
    </ClCompile>
    <ClCompile Include="8_객체복사2.cpp">
      <Filter>Source Files</Filter>
    </ClCompile>
    <ClCompile Include="8_객체복사3.cpp">
      <Filter>Source Files</Filter>
    </ClCompile>
    <ClCompile Include="8_객체복사4.cpp">
      <Filter>Source Files</Filter>
    </ClCompile>
    <ClCompile Include="8_객체복사5.cpp">
      <Filter>Source Files</Filter>
    </ClCompile>
    <ClCompile Include="8_객체복사6.cpp">
      <Filter>Source Files</Filter>
    </ClCompile>
    <ClCompile Include="8_객체복사7.cpp">
      <Filter>Source Files</Filter>
    </ClCompile>
    <ClCompile Include="8_객체복사8.cpp">
      <Filter>Source Files</Filter>
    </ClCompile>
    <ClCompile Include="8_객체복사9.cpp">
      <Filter>Source Files</Filter>
    </ClCompile>
    <ClCompile Include="9_nullptr.cpp">
      <Filter>Source Files</Filter>
    </ClCompile>
    <ClCompile Include="9_nullptr2.cpp">
      <Filter>Source Files</Filter>
    </ClCompile>
    <ClCompile Include="9_nullptr3.cpp">
      <Filter>Source Files</Filter>
    </ClCompile>
    <ClCompile Include="9_nullptr4.cpp">
      <Filter>Source Files</Filter>
    </ClCompile>
    <ClCompile Include="9_nullptr5.cpp">
      <Filter>Source Files</Filter>
    </ClCompile>
  </ItemGroup>
</Project>